
Microsoft Visual Studio Solution File, Format Version 12.00
# Visual Studio 15
VisualStudioVersion = 15.0.28307.572
MinimumVisualStudioVersion = 10.0.40219.1
Project("{FAE04EC0-301F-11D3-BF4B-00C04F79EFBC}") = "Task1", "Task1\Task1.csproj", "{DDADA19C-A726-4E10-A7F9-965E8813E7C9}"
EndProject
Project("{FAE04EC0-301F-11D3-BF4B-00C04F79EFBC}") = "Task1.Sample", "Task1.Sample\Task1.Sample.csproj", "{F38D113D-15BA-4CB4-8608-CA5396D09084}"
EndProject
Project("{FAE04EC0-301F-11D3-BF4B-00C04F79EFBC}") = "Task2", "Task2\Task2.csproj", "{7669B837-7EC3-4DB6-97A7-C0BC4FCFE4EB}"
EndProject
Project("{FAE04EC0-301F-11D3-BF4B-00C04F79EFBC}") = "Task2.Sample", "Task2.Sample\Task2.Sample.csproj", "{A6EC3EF9-E4D6-4AFE-BC9C-AFB9DDCC9FB3}"
EndProject
Project("{FAE04EC0-301F-11D3-BF4B-00C04F79EFBC}") = "Task1.Tests", "Task1.Tests\Task1.Tests.csproj", "{8A7617A9-5B20-440A-B2EE-E20F0ABBA2C4}"
EndProject
Global
	GlobalSection(SolutionConfigurationPlatforms) = preSolution
		Debug|Any CPU = Debug|Any CPU
		Release|Any CPU = Release|Any CPU
	EndGlobalSection
	GlobalSection(ProjectConfigurationPlatforms) = postSolution
		{DDADA19C-A726-4E10-A7F9-965E8813E7C9}.Debug|Any CPU.ActiveCfg = Debug|Any CPU
		{DDADA19C-A726-4E10-A7F9-965E8813E7C9}.Debug|Any CPU.Build.0 = Debug|Any CPU
		{DDADA19C-A726-4E10-A7F9-965E8813E7C9}.Release|Any CPU.ActiveCfg = Release|Any CPU
		{DDADA19C-A726-4E10-A7F9-965E8813E7C9}.Release|Any CPU.Build.0 = Release|Any CPU
		{F38D113D-15BA-4CB4-8608-CA5396D09084}.Debug|Any CPU.ActiveCfg = Debug|Any CPU
		{F38D113D-15BA-4CB4-8608-CA5396D09084}.Debug|Any CPU.Build.0 = Debug|Any CPU
		{F38D113D-15BA-4CB4-8608-CA5396D09084}.Release|Any CPU.ActiveCfg = Release|Any CPU
		{F38D113D-15BA-4CB4-8608-CA5396D09084}.Release|Any CPU.Build.0 = Release|Any CPU
		{7669B837-7EC3-4DB6-97A7-C0BC4FCFE4EB}.Debug|Any CPU.ActiveCfg = Debug|Any CPU
		{7669B837-7EC3-4DB6-97A7-C0BC4FCFE4EB}.Debug|Any CPU.Build.0 = Debug|Any CPU
		{7669B837-7EC3-4DB6-97A7-C0BC4FCFE4EB}.Release|Any CPU.ActiveCfg = Release|Any CPU
		{7669B837-7EC3-4DB6-97A7-C0BC4FCFE4EB}.Release|Any CPU.Build.0 = Release|Any CPU
		{A6EC3EF9-E4D6-4AFE-BC9C-AFB9DDCC9FB3}.Debug|Any CPU.ActiveCfg = Debug|Any CPU
		{A6EC3EF9-E4D6-4AFE-BC9C-AFB9DDCC9FB3}.Debug|Any CPU.Build.0 = Debug|Any CPU
		{A6EC3EF9-E4D6-4AFE-BC9C-AFB9DDCC9FB3}.Release|Any CPU.ActiveCfg = Release|Any CPU
		{A6EC3EF9-E4D6-4AFE-BC9C-AFB9DDCC9FB3}.Release|Any CPU.Build.0 = Release|Any CPU
		{8A7617A9-5B20-440A-B2EE-E20F0ABBA2C4}.Debug|Any CPU.ActiveCfg = Debug|Any CPU
		{8A7617A9-5B20-440A-B2EE-E20F0ABBA2C4}.Debug|Any CPU.Build.0 = Debug|Any CPU
		{8A7617A9-5B20-440A-B2EE-E20F0ABBA2C4}.Release|Any CPU.ActiveCfg = Release|Any CPU
		{8A7617A9-5B20-440A-B2EE-E20F0ABBA2C4}.Release|Any CPU.Build.0 = Release|Any CPU
	EndGlobalSection
	GlobalSection(SolutionProperties) = preSolution
		HideSolutionNode = FALSE
	EndGlobalSection
	GlobalSection(ExtensibilityGlobals) = postSolution
		SolutionGuid = {EA53317F-9368-496B-8BC1-D801F13AF55A}
	EndGlobalSection
EndGlobal
