
Microsoft Visual Studio Solution File, Format Version 12.00
# Visual Studio 15
VisualStudioVersion = 15.0.28307.572
MinimumVisualStudioVersion = 10.0.40219.1
Project("{FAE04EC0-301F-11D3-BF4B-00C04F79EFBC}") = "NET.W.2019.Gorodko.01", "NET.W.2019.Gorodko.01\NET.W.2019.Gorodko.01.csproj", "{C9A91656-C9AE-43BC-A739-BAEB00C6110B}"
EndProject
Project("{FAE04EC0-301F-11D3-BF4B-00C04F79EFBC}") = "NET.W.2019.Gorodko.01.Tests", "NET.W.2019.Gorodko.01.Tests\NET.W.2019.Gorodko.01.Tests.csproj", "{56DB9255-6736-47E1-B499-67FDCCBB4058}"
EndProject
Global
	GlobalSection(SolutionConfigurationPlatforms) = preSolution
		Debug|Any CPU = Debug|Any CPU
		Release|Any CPU = Release|Any CPU
	EndGlobalSection
	GlobalSection(ProjectConfigurationPlatforms) = postSolution
		{C9A91656-C9AE-43BC-A739-BAEB00C6110B}.Debug|Any CPU.ActiveCfg = Debug|Any CPU
		{C9A91656-C9AE-43BC-A739-BAEB00C6110B}.Debug|Any CPU.Build.0 = Debug|Any CPU
		{C9A91656-C9AE-43BC-A739-BAEB00C6110B}.Release|Any CPU.ActiveCfg = Release|Any CPU
		{C9A91656-C9AE-43BC-A739-BAEB00C6110B}.Release|Any CPU.Build.0 = Release|Any CPU
		{56DB9255-6736-47E1-B499-67FDCCBB4058}.Debug|Any CPU.ActiveCfg = Debug|Any CPU
		{56DB9255-6736-47E1-B499-67FDCCBB4058}.Debug|Any CPU.Build.0 = Debug|Any CPU
		{56DB9255-6736-47E1-B499-67FDCCBB4058}.Release|Any CPU.ActiveCfg = Release|Any CPU
		{56DB9255-6736-47E1-B499-67FDCCBB4058}.Release|Any CPU.Build.0 = Release|Any CPU
	EndGlobalSection
	GlobalSection(SolutionProperties) = preSolution
		HideSolutionNode = FALSE
	EndGlobalSection
	GlobalSection(ExtensibilityGlobals) = postSolution
		SolutionGuid = {76FA2B34-C6A4-4192-80C8-5B0BAAD05C19}
	EndGlobalSection
EndGlobal
