
Microsoft Visual Studio Solution File, Format Version 12.00
# Visual Studio 15
VisualStudioVersion = 15.0.28307.572
MinimumVisualStudioVersion = 10.0.40219.1
Project("{FAE04EC0-301F-11D3-BF4B-00C04F79EFBC}") = "ConsoleSample", "ConsoleSample\ConsoleSample.csproj", "{3E47F32F-3B20-4ED3-B166-93CD45C323F1}"
EndProject
Project("{FAE04EC0-301F-11D3-BF4B-00C04F79EFBC}") = "Data.Load", "Data.Load\Data.Load.csproj", "{4FC19341-B9C6-4723-A0E2-EFC422F451C0}"
EndProject
Project("{FAE04EC0-301F-11D3-BF4B-00C04F79EFBC}") = "Xml.Export", "Xml.Export\Xml.Export.csproj", "{43877124-A226-4A40-940C-BE210D1E962E}"
EndProject
Project("{FAE04EC0-301F-11D3-BF4B-00C04F79EFBC}") = "Url", "Domain\Url.csproj", "{B5CC7625-E209-4EF0-A642-C89C740AC219}"
EndProject
Project("{FAE04EC0-301F-11D3-BF4B-00C04F79EFBC}") = "Data.Parsing", "Data.Parsing\Data.Parsing.csproj", "{7C1B27A1-2909-4E44-84A7-D2A4FB0DF1AC}"
EndProject
Project("{FAE04EC0-301F-11D3-BF4B-00C04F79EFBC}") = "Logging", "Logging\Logging.csproj", "{576EDC17-0321-4780-9A9B-8946B743F652}"
EndProject
Global
	GlobalSection(SolutionConfigurationPlatforms) = preSolution
		Debug|Any CPU = Debug|Any CPU
		Release|Any CPU = Release|Any CPU
	EndGlobalSection
	GlobalSection(ProjectConfigurationPlatforms) = postSolution
		{3E47F32F-3B20-4ED3-B166-93CD45C323F1}.Debug|Any CPU.ActiveCfg = Debug|Any CPU
		{3E47F32F-3B20-4ED3-B166-93CD45C323F1}.Debug|Any CPU.Build.0 = Debug|Any CPU
		{3E47F32F-3B20-4ED3-B166-93CD45C323F1}.Release|Any CPU.ActiveCfg = Release|Any CPU
		{3E47F32F-3B20-4ED3-B166-93CD45C323F1}.Release|Any CPU.Build.0 = Release|Any CPU
		{4FC19341-B9C6-4723-A0E2-EFC422F451C0}.Debug|Any CPU.ActiveCfg = Debug|Any CPU
		{4FC19341-B9C6-4723-A0E2-EFC422F451C0}.Debug|Any CPU.Build.0 = Debug|Any CPU
		{4FC19341-B9C6-4723-A0E2-EFC422F451C0}.Release|Any CPU.ActiveCfg = Release|Any CPU
		{4FC19341-B9C6-4723-A0E2-EFC422F451C0}.Release|Any CPU.Build.0 = Release|Any CPU
		{43877124-A226-4A40-940C-BE210D1E962E}.Debug|Any CPU.ActiveCfg = Debug|Any CPU
		{43877124-A226-4A40-940C-BE210D1E962E}.Debug|Any CPU.Build.0 = Debug|Any CPU
		{43877124-A226-4A40-940C-BE210D1E962E}.Release|Any CPU.ActiveCfg = Release|Any CPU
		{43877124-A226-4A40-940C-BE210D1E962E}.Release|Any CPU.Build.0 = Release|Any CPU
		{B5CC7625-E209-4EF0-A642-C89C740AC219}.Debug|Any CPU.ActiveCfg = Debug|Any CPU
		{B5CC7625-E209-4EF0-A642-C89C740AC219}.Debug|Any CPU.Build.0 = Debug|Any CPU
		{B5CC7625-E209-4EF0-A642-C89C740AC219}.Release|Any CPU.ActiveCfg = Release|Any CPU
		{B5CC7625-E209-4EF0-A642-C89C740AC219}.Release|Any CPU.Build.0 = Release|Any CPU
		{7C1B27A1-2909-4E44-84A7-D2A4FB0DF1AC}.Debug|Any CPU.ActiveCfg = Debug|Any CPU
		{7C1B27A1-2909-4E44-84A7-D2A4FB0DF1AC}.Debug|Any CPU.Build.0 = Debug|Any CPU
		{7C1B27A1-2909-4E44-84A7-D2A4FB0DF1AC}.Release|Any CPU.ActiveCfg = Release|Any CPU
		{7C1B27A1-2909-4E44-84A7-D2A4FB0DF1AC}.Release|Any CPU.Build.0 = Release|Any CPU
		{576EDC17-0321-4780-9A9B-8946B743F652}.Debug|Any CPU.ActiveCfg = Debug|Any CPU
		{576EDC17-0321-4780-9A9B-8946B743F652}.Debug|Any CPU.Build.0 = Debug|Any CPU
		{576EDC17-0321-4780-9A9B-8946B743F652}.Release|Any CPU.ActiveCfg = Release|Any CPU
		{576EDC17-0321-4780-9A9B-8946B743F652}.Release|Any CPU.Build.0 = Release|Any CPU
	EndGlobalSection
	GlobalSection(SolutionProperties) = preSolution
		HideSolutionNode = FALSE
	EndGlobalSection
	GlobalSection(ExtensibilityGlobals) = postSolution
		SolutionGuid = {8656123A-06F4-417F-929A-E768EA3A3D10}
	EndGlobalSection
EndGlobal
