
Microsoft Visual Studio Solution File, Format Version 12.00
# Visual Studio 15
VisualStudioVersion = 15.0.28307.572
MinimumVisualStudioVersion = 10.0.40219.1
Project("{FAE04EC0-301F-11D3-BF4B-00C04F79EFBC}") = "NET.W.2019.Gorodko.02", "NET.W.2019.Gorodko.02\NET.W.2019.Gorodko.02.csproj", "{9088F5AD-9BEA-451C-9F23-9DDAEE245878}"
EndProject
Project("{FAE04EC0-301F-11D3-BF4B-00C04F79EFBC}") = "NET.W.2019.Gorodko.02.NUnitTests", "NET.W.2019.Gorodko.02.NUnitTests\NET.W.2019.Gorodko.02.NUnitTests.csproj", "{CE32AB9E-D48D-4143-A9F1-C4DD453E7089}"
EndProject
Project("{FAE04EC0-301F-11D3-BF4B-00C04F79EFBC}") = "NET.W.2019.Gorordko.02.MSTests", "NET.W.2019.Gorordko.02.MSTests\NET.W.2019.Gorordko.02.MSTests.csproj", "{BCFD3480-DE3D-40A1-8D35-47F119C688A4}"
EndProject
Global
	GlobalSection(SolutionConfigurationPlatforms) = preSolution
		Debug|Any CPU = Debug|Any CPU
		Release|Any CPU = Release|Any CPU
	EndGlobalSection
	GlobalSection(ProjectConfigurationPlatforms) = postSolution
		{9088F5AD-9BEA-451C-9F23-9DDAEE245878}.Debug|Any CPU.ActiveCfg = Debug|Any CPU
		{9088F5AD-9BEA-451C-9F23-9DDAEE245878}.Debug|Any CPU.Build.0 = Debug|Any CPU
		{9088F5AD-9BEA-451C-9F23-9DDAEE245878}.Release|Any CPU.ActiveCfg = Release|Any CPU
		{9088F5AD-9BEA-451C-9F23-9DDAEE245878}.Release|Any CPU.Build.0 = Release|Any CPU
		{CE32AB9E-D48D-4143-A9F1-C4DD453E7089}.Debug|Any CPU.ActiveCfg = Debug|Any CPU
		{CE32AB9E-D48D-4143-A9F1-C4DD453E7089}.Debug|Any CPU.Build.0 = Debug|Any CPU
		{CE32AB9E-D48D-4143-A9F1-C4DD453E7089}.Release|Any CPU.ActiveCfg = Release|Any CPU
		{CE32AB9E-D48D-4143-A9F1-C4DD453E7089}.Release|Any CPU.Build.0 = Release|Any CPU
		{BCFD3480-DE3D-40A1-8D35-47F119C688A4}.Debug|Any CPU.ActiveCfg = Debug|Any CPU
		{BCFD3480-DE3D-40A1-8D35-47F119C688A4}.Debug|Any CPU.Build.0 = Debug|Any CPU
		{BCFD3480-DE3D-40A1-8D35-47F119C688A4}.Release|Any CPU.ActiveCfg = Release|Any CPU
		{BCFD3480-DE3D-40A1-8D35-47F119C688A4}.Release|Any CPU.Build.0 = Release|Any CPU
	EndGlobalSection
	GlobalSection(SolutionProperties) = preSolution
		HideSolutionNode = FALSE
	EndGlobalSection
	GlobalSection(ExtensibilityGlobals) = postSolution
		SolutionGuid = {25CC015F-0671-413C-BC8D-F879F5886F0D}
	EndGlobalSection
EndGlobal
